
Microsoft Visual Studio Solution File, Format Version 12.00
# Visual Studio Version 17
VisualStudioVersion = 17.14.37012.4 d17.14
MinimumVisualStudioVersion = 10.0.40219.1
Project("{888888A0-9F3D-457C-B088-3A5042F75D52}") = "movie rating system", "movie rating system\movie rating system.pyproj", "{28A2BAFD-4A7B-4B59-9773-84FB536B9346}"
EndProject
Global
	GlobalSection(SolutionConfigurationPlatforms) = preSolution
		Debug|Any CPU = Debug|Any CPU
		Release|Any CPU = Release|Any CPU
	EndGlobalSection
	GlobalSection(ProjectConfigurationPlatforms) = postSolution
		{28A2BAFD-4A7B-4B59-9773-84FB536B9346}.Debug|Any CPU.ActiveCfg = Debug|Any CPU
		{28A2BAFD-4A7B-4B59-9773-84FB536B9346}.Release|Any CPU.ActiveCfg = Release|Any CPU
	EndGlobalSection
	GlobalSection(SolutionProperties) = preSolution
		HideSolutionNode = FALSE
	EndGlobalSection
	GlobalSection(ExtensibilityGlobals) = postSolution
		SolutionGuid = {EDF8416C-E7C6-432E-B1D0-78CF1D32B042}
	EndGlobalSection
EndGlobal
